
Microsoft Visual Studio Solution File, Format Version 12.00
# Visual Studio Version 17
VisualStudioVersion = 17.12.35506.116 d17.12
MinimumVisualStudioVersion = 10.0.40219.1
Project("{FAE04EC0-301F-11D3-BF4B-00C04F79EFBC}") = "DbAccess", "DbAccess\DbAccess.csproj", "{5A27EBD2-2654-41AD-B364-4A4DFA2907B7}"
EndProject
Project("{FAE04EC0-301F-11D3-BF4B-00C04F79EFBC}") = "DbAccess.Api", "DbAccess.Api\DbAccess.Api.csproj", "{5FC0553C-3369-46F8-8A18-39044FC12D2E}"
EndProject
Global
	GlobalSection(SolutionConfigurationPlatforms) = preSolution
		Debug|Any CPU = Debug|Any CPU
		Release|Any CPU = Release|Any CPU
	EndGlobalSection
	GlobalSection(ProjectConfigurationPlatforms) = postSolution
		{5A27EBD2-2654-41AD-B364-4A4DFA2907B7}.Debug|Any CPU.ActiveCfg = Debug|Any CPU
		{5A27EBD2-2654-41AD-B364-4A4DFA2907B7}.Debug|Any CPU.Build.0 = Debug|Any CPU
		{5A27EBD2-2654-41AD-B364-4A4DFA2907B7}.Release|Any CPU.ActiveCfg = Release|Any CPU
		{5A27EBD2-2654-41AD-B364-4A4DFA2907B7}.Release|Any CPU.Build.0 = Release|Any CPU
		{5FC0553C-3369-46F8-8A18-39044FC12D2E}.Debug|Any CPU.ActiveCfg = Debug|Any CPU
		{5FC0553C-3369-46F8-8A18-39044FC12D2E}.Debug|Any CPU.Build.0 = Debug|Any CPU
		{5FC0553C-3369-46F8-8A18-39044FC12D2E}.Release|Any CPU.ActiveCfg = Release|Any CPU
		{5FC0553C-3369-46F8-8A18-39044FC12D2E}.Release|Any CPU.Build.0 = Release|Any CPU
	EndGlobalSection
	GlobalSection(SolutionProperties) = preSolution
		HideSolutionNode = FALSE
	EndGlobalSection
EndGlobal
